
Microsoft Visual Studio Solution File, Format Version 12.00
# Visual Studio Version 18
VisualStudioVersion = 18.1.11312.151 d18.0
MinimumVisualStudioVersion = 10.0.40219.1
Project("{FAE04EC0-301F-11D3-BF4B-00C04F79EFBC}") = "AdventOfCode", "AdventOfCode\AdventOfCode.csproj", "{0AC2F964-666C-492E-8554-5602FD14869D}"
EndProject
Project("{FAE04EC0-301F-11D3-BF4B-00C04F79EFBC}") = "Zadania", "Zadania\Zadania.csproj", "{B03E08BE-1E9F-45AD-A568-AC17F1E3E2E8}"
EndProject
Global
	GlobalSection(SolutionConfigurationPlatforms) = preSolution
		Debug|Any CPU = Debug|Any CPU
		Release|Any CPU = Release|Any CPU
	EndGlobalSection
	GlobalSection(ProjectConfigurationPlatforms) = postSolution
		{0AC2F964-666C-492E-8554-5602FD14869D}.Debug|Any CPU.ActiveCfg = Debug|Any CPU
		{0AC2F964-666C-492E-8554-5602FD14869D}.Debug|Any CPU.Build.0 = Debug|Any CPU
		{0AC2F964-666C-492E-8554-5602FD14869D}.Release|Any CPU.ActiveCfg = Release|Any CPU
		{0AC2F964-666C-492E-8554-5602FD14869D}.Release|Any CPU.Build.0 = Release|Any CPU
		{B03E08BE-1E9F-45AD-A568-AC17F1E3E2E8}.Debug|Any CPU.ActiveCfg = Debug|Any CPU
		{B03E08BE-1E9F-45AD-A568-AC17F1E3E2E8}.Debug|Any CPU.Build.0 = Debug|Any CPU
		{B03E08BE-1E9F-45AD-A568-AC17F1E3E2E8}.Release|Any CPU.ActiveCfg = Release|Any CPU
		{B03E08BE-1E9F-45AD-A568-AC17F1E3E2E8}.Release|Any CPU.Build.0 = Release|Any CPU
	EndGlobalSection
	GlobalSection(SolutionProperties) = preSolution
		HideSolutionNode = FALSE
	EndGlobalSection
EndGlobal
